
Microsoft Visual Studio Solution File, Format Version 12.00
# Visual Studio Version 16
VisualStudioVersion = 16.0.31729.503
MinimumVisualStudioVersion = 10.0.40219.1
Project("{FAE04EC0-301F-11D3-BF4B-00C04F79EFBC}") = "DataLayer", "DataLayer\DataLayer.csproj", "{9BFE753C-46A1-41EC-A11B-DA3EF493EC77}"
EndProject
Project("{FAE04EC0-301F-11D3-BF4B-00C04F79EFBC}") = "WindowsForms", "WindowsForms\WindowsForms.csproj", "{B171CD82-F9DC-4C9C-8BF2-4D5132B6F1D2}"
EndProject
Project("{FAE04EC0-301F-11D3-BF4B-00C04F79EFBC}") = "WindowsPresentationFoundation", "WindowsPresentationFoundation\WindowsPresentationFoundation.csproj", "{7C83AC54-DD49-4959-8723-33E0F62958BD}"
EndProject
Global
	GlobalSection(SolutionConfigurationPlatforms) = preSolution
		Debug|Any CPU = Debug|Any CPU
		Release|Any CPU = Release|Any CPU
	EndGlobalSection
	GlobalSection(ProjectConfigurationPlatforms) = postSolution
		{9BFE753C-46A1-41EC-A11B-DA3EF493EC77}.Debug|Any CPU.ActiveCfg = Debug|Any CPU
		{9BFE753C-46A1-41EC-A11B-DA3EF493EC77}.Debug|Any CPU.Build.0 = Debug|Any CPU
		{9BFE753C-46A1-41EC-A11B-DA3EF493EC77}.Release|Any CPU.ActiveCfg = Release|Any CPU
		{9BFE753C-46A1-41EC-A11B-DA3EF493EC77}.Release|Any CPU.Build.0 = Release|Any CPU
		{B171CD82-F9DC-4C9C-8BF2-4D5132B6F1D2}.Debug|Any CPU.ActiveCfg = Debug|Any CPU
		{B171CD82-F9DC-4C9C-8BF2-4D5132B6F1D2}.Debug|Any CPU.Build.0 = Debug|Any CPU
		{B171CD82-F9DC-4C9C-8BF2-4D5132B6F1D2}.Release|Any CPU.ActiveCfg = Release|Any CPU
		{B171CD82-F9DC-4C9C-8BF2-4D5132B6F1D2}.Release|Any CPU.Build.0 = Release|Any CPU
		{7C83AC54-DD49-4959-8723-33E0F62958BD}.Debug|Any CPU.ActiveCfg = Debug|Any CPU
		{7C83AC54-DD49-4959-8723-33E0F62958BD}.Debug|Any CPU.Build.0 = Debug|Any CPU
		{7C83AC54-DD49-4959-8723-33E0F62958BD}.Release|Any CPU.ActiveCfg = Release|Any CPU
		{7C83AC54-DD49-4959-8723-33E0F62958BD}.Release|Any CPU.Build.0 = Release|Any CPU
	EndGlobalSection
	GlobalSection(SolutionProperties) = preSolution
		HideSolutionNode = FALSE
	EndGlobalSection
	GlobalSection(ExtensibilityGlobals) = postSolution
		SolutionGuid = {8EBAA920-F4F0-4E9F-BBFC-E0B5D1DB76B3}
	EndGlobalSection
EndGlobal
